// !$*UTF8*$!
{
	archiveVersion = 1;
	classes = {
	};
	objectVersion = 50;
	objects = {

/* Begin PBXBuildFile section */
		18C16ADD251F4B150057D537 /* AppDelegate.swift in Sources */ = {isa = PBXBuildFile; fileRef = 18C16ADC251F4B150057D537 /* AppDelegate.swift */; };
		18C16ADF251F4B150057D537 /* SceneDelegate.swift in Sources */ = {isa = PBXBuildFile; fileRef = 18C16ADE251F4B150057D537 /* SceneDelegate.swift */; };
		18C16AE2251F4B150057D537 /* EmployeeServices.xcdatamodeld in Sources */ = {isa = PBXBuildFile; fileRef = 18C16AE0251F4B150057D537 /* EmployeeServices.xcdatamodeld */; };
		18C16AE4251F4B150057D537 /* PhotoListView.swift in Sources */ = {isa = PBXBuildFile; fileRef = 18C16AE3251F4B150057D537 /* PhotoListView.swift */; };
		18C16AE6251F4B1C0057D537 /* Assets.xcassets in Resources */ = {isa = PBXBuildFile; fileRef = 18C16AE5251F4B1C0057D537 /* Assets.xcassets */; };
		18C16AE9251F4B1C0057D537 /* Preview Assets.xcassets in Resources */ = {isa = PBXBuildFile; fileRef = 18C16AE8251F4B1C0057D537 /* Preview Assets.xcassets */; };
		18C16AEC251F4B1C0057D537 /* LaunchScreen.storyboard in Resources */ = {isa = PBXBuildFile; fileRef = 18C16AEA251F4B1C0057D537 /* LaunchScreen.storyboard */; };
		18C16AF7251F4B1C0057D537 /* EmployeeServicesTests.swift in Sources */ = {isa = PBXBuildFile; fileRef = 18C16AF6251F4B1C0057D537 /* EmployeeServicesTests.swift */; };
		18C16B05251F4E0A0057D537 /* Photo.swift in Sources */ = {isa = PBXBuildFile; fileRef = 18C16B04251F4E0A0057D537 /* Photo.swift */; };
		18C16B07251F4FCF0057D537 /* Employee.swift in Sources */ = {isa = PBXBuildFile; fileRef = 18C16B06251F4FCF0057D537 /* Employee.swift */; };
		18C16B09251F52670057D537 /* DataManager.swift in Sources */ = {isa = PBXBuildFile; fileRef = 18C16B08251F52670057D537 /* DataManager.swift */; };
		18C16B0B251F53AB0057D537 /* MockDataManager.swift in Sources */ = {isa = PBXBuildFile; fileRef = 18C16B0A251F53AB0057D537 /* MockDataManager.swift */; };
		18C16B0D251F5E8A0057D537 /* PhotoListViewModel.swift in Sources */ = {isa = PBXBuildFile; fileRef = 18C16B0C251F5E8A0057D537 /* PhotoListViewModel.swift */; };
		18C16B0F251F66770057D537 /* PhotoRow.swift in Sources */ = {isa = PBXBuildFile; fileRef = 18C16B0E251F66770057D537 /* PhotoRow.swift */; };
/* End PBXBuildFile section */

/* Begin PBXContainerItemProxy section */
		18C16AF3251F4B1C0057D537 /* PBXContainerItemProxy */ = {
			isa = PBXContainerItemProxy;
			containerPortal = 18C16AD1251F4B150057D537 /* Project object */;
			proxyType = 1;
			remoteGlobalIDString = 18C16AD8251F4B150057D537;
			remoteInfo = EmployeeServices;
		};
/* End PBXContainerItemProxy section */

/* Begin PBXFileReference section */
		18C16AD9251F4B150057D537 /* EmployeeServices.app */ = {isa = PBXFileReference; explicitFileType = wrapper.application; includeInIndex = 0; path = EmployeeServices.app; sourceTree = BUILT_PRODUCTS_DIR; };
		18C16ADC251F4B150057D537 /* AppDelegate.swift */ = {isa = PBXFileReference; lastKnownFileType = sourcecode.swift; path = AppDelegate.swift; sourceTree = "<group>"; };
		18C16ADE251F4B150057D537 /* SceneDelegate.swift */ = {isa = PBXFileReference; lastKnownFileType = sourcecode.swift; path = SceneDelegate.swift; sourceTree = "<group>"; };
		18C16AE1251F4B150057D537 /* EmployeeServices.xcdatamodel */ = {isa = PBXFileReference; lastKnownFileType = wrapper.xcdatamodel; path = EmployeeServices.xcdatamodel; sourceTree = "<group>"; };
		18C16AE3251F4B150057D537 /* PhotoListView.swift */ = {isa = PBXFileReference; lastKnownFileType = sourcecode.swift; path = PhotoListView.swift; sourceTree = "<group>"; };
		18C16AE5251F4B1C0057D537 /* Assets.xcassets */ = {isa = PBXFileReference; lastKnownFileType = folder.assetcatalog; path = Assets.xcassets; sourceTree = "<group>"; };
		18C16AE8251F4B1C0057D537 /* Preview Assets.xcassets */ = {isa = PBXFileReference; lastKnownFileType = folder.assetcatalog; path = "Preview Assets.xcassets"; sourceTree = "<group>"; };
		18C16AEB251F4B1C0057D537 /* Base */ = {isa = PBXFileReference; lastKnownFileType = file.storyboard; name = Base; path = Base.lproj/LaunchScreen.storyboard; sourceTree = "<group>"; };
		18C16AED251F4B1C0057D537 /* Info.plist */ = {isa = PBXFileReference; lastKnownFileType = text.plist.xml; path = Info.plist; sourceTree = "<group>"; };
		18C16AF2251F4B1C0057D537 /* EmployeeServicesTests.xctest */ = {isa = PBXFileReference; explicitFileType = wrapper.cfbundle; includeInIndex = 0; path = EmployeeServicesTests.xctest; sourceTree = BUILT_PRODUCTS_DIR; };
		18C16AF6251F4B1C0057D537 /* EmployeeServicesTests.swift */ = {isa = PBXFileReference; lastKnownFileType = sourcecode.swift; path = EmployeeServicesTests.swift; sourceTree = "<group>"; };
		18C16AF8251F4B1C0057D537 /* Info.plist */ = {isa = PBXFileReference; lastKnownFileType = text.plist.xml; path = Info.plist; sourceTree = "<group>"; };
		18C16B04251F4E0A0057D537 /* Photo.swift */ = {isa = PBXFileReference; lastKnownFileType = sourcecode.swift; path = Photo.swift; sourceTree = "<group>"; };
		18C16B06251F4FCF0057D537 /* Employee.swift */ = {isa = PBXFileReference; lastKnownFileType = sourcecode.swift; path = Employee.swift; sourceTree = "<group>"; };
		18C16B08251F52670057D537 /* DataManager.swift */ = {isa = PBXFileReference; lastKnownFileType = sourcecode.swift; path = DataManager.swift; sourceTree = "<group>"; };
		18C16B0A251F53AB0057D537 /* MockDataManager.swift */ = {isa = PBXFileReference; lastKnownFileType = sourcecode.swift; path = MockDataManager.swift; sourceTree = "<group>"; };
		18C16B0C251F5E8A0057D537 /* PhotoListViewModel.swift */ = {isa = PBXFileReference; lastKnownFileType = sourcecode.swift; path = PhotoListViewModel.swift; sourceTree = "<group>"; };
		18C16B0E251F66770057D537 /* PhotoRow.swift */ = {isa = PBXFileReference; lastKnownFileType = sourcecode.swift; path = PhotoRow.swift; sourceTree = "<group>"; };
/* End PBXFileReference section */

/* Begin PBXFrameworksBuildPhase section */
		18C16AD6251F4B150057D537 /* Frameworks */ = {
			isa = PBXFrameworksBuildPhase;
			buildActionMask = 2147483647;
			files = (
			);
			runOnlyForDeploymentPostprocessing = 0;
		};
		18C16AEF251F4B1C0057D537 /* Frameworks */ = {
			isa = PBXFrameworksBuildPhase;
			buildActionMask = 2147483647;
			files = (
			);
			runOnlyForDeploymentPostprocessing = 0;
		};
/* End PBXFrameworksBuildPhase section */

/* Begin PBXGroup section */
		18C16AD0251F4B150057D537 = {
			isa = PBXGroup;
			children = (
				18C16ADB251F4B150057D537 /* EmployeeServices */,
				18C16AF5251F4B1C0057D537 /* EmployeeServicesTests */,
				18C16ADA251F4B150057D537 /* Products */,
			);
			sourceTree = "<group>";
		};
		18C16ADA251F4B150057D537 /* Products */ = {
			isa = PBXGroup;
			children = (
				18C16AD9251F4B150057D537 /* EmployeeServices.app */,
				18C16AF2251F4B1C0057D537 /* EmployeeServicesTests.xctest */,
			);
			name = Products;
			sourceTree = "<group>";
		};
		18C16ADB251F4B150057D537 /* EmployeeServices */ = {
			isa = PBXGroup;
			children = (
				18C16ADC251F4B150057D537 /* AppDelegate.swift */,
				18C16ADE251F4B150057D537 /* SceneDelegate.swift */,
				18C16B03251F4BE60057D537 /* Models */,
				18C16B02251F4BDE0057D537 /* Managers */,
				18C16B01251F4BB50057D537 /* ViewModel */,
				18C16AE5251F4B1C0057D537 /* Assets.xcassets */,
				18C16AEA251F4B1C0057D537 /* LaunchScreen.storyboard */,
				18C16AED251F4B1C0057D537 /* Info.plist */,
				18C16AE0251F4B150057D537 /* EmployeeServices.xcdatamodeld */,
				18C16AE7251F4B1C0057D537 /* Preview Content */,
			);
			path = EmployeeServices;
			sourceTree = "<group>";
		};
		18C16AE7251F4B1C0057D537 /* Preview Content */ = {
			isa = PBXGroup;
			children = (
				18C16AE8251F4B1C0057D537 /* Preview Assets.xcassets */,
			);
			path = "Preview Content";
			sourceTree = "<group>";
		};
		18C16AF5251F4B1C0057D537 /* EmployeeServicesTests */ = {
			isa = PBXGroup;
			children = (
				18C16AF6251F4B1C0057D537 /* EmployeeServicesTests.swift */,
				18C16AF8251F4B1C0057D537 /* Info.plist */,
			);
			path = EmployeeServicesTests;
			sourceTree = "<group>";
		};
		18C16B01251F4BB50057D537 /* ViewModel */ = {
			isa = PBXGroup;
			children = (
				18C16AE3251F4B150057D537 /* PhotoListView.swift */,
				18C16B0E251F66770057D537 /* PhotoRow.swift */,
				18C16B0C251F5E8A0057D537 /* PhotoListViewModel.swift */,
			);
			path = ViewModel;
			sourceTree = "<group>";
		};
		18C16B02251F4BDE0057D537 /* Managers */ = {
			isa = PBXGroup;
			children = (
				18C16B08251F52670057D537 /* DataManager.swift */,
				18C16B0A251F53AB0057D537 /* MockDataManager.swift */,
			);
			path = Managers;
			sourceTree = "<group>";
		};
		18C16B03251F4BE60057D537 /* Models */ = {
			isa = PBXGroup;
			children = (
				18C16B04251F4E0A0057D537 /* Photo.swift */,
				18C16B06251F4FCF0057D537 /* Employee.swift */,
			);
			path = Models;
			sourceTree = "<group>";
		};
/* End PBXGroup section */

/* Begin PBXNativeTarget section */
		18C16AD8251F4B150057D537 /* EmployeeServices */ = {
			isa = PBXNativeTarget;
			buildConfigurationList = 18C16AFB251F4B1C0057D537 /* Build configuration list for PBXNativeTarget "EmployeeServices" */;
			buildPhases = (
				18C16AD5251F4B150057D537 /* Sources */,
				18C16AD6251F4B150057D537 /* Frameworks */,
				18C16AD7251F4B150057D537 /* Resources */,
			);
			buildRules = (
			);
			dependencies = (
			);
			name = EmployeeServices;
			productName = EmployeeServices;
			productReference = 18C16AD9251F4B150057D537 /* EmployeeServices.app */;
			productType = "com.apple.product-type.application";
		};
		18C16AF1251F4B1C0057D537 /* EmployeeServicesTests */ = {
			isa = PBXNativeTarget;
			buildConfigurationList = 18C16AFE251F4B1C0057D537 /* Build configuration list for PBXNativeTarget "EmployeeServicesTests" */;
			buildPhases = (
				18C16AEE251F4B1C0057D537 /* Sources */,
				18C16AEF251F4B1C0057D537 /* Frameworks */,
				18C16AF0251F4B1C0057D537 /* Resources */,
			);
			buildRules = (
			);
			dependencies = (
				18C16AF4251F4B1C0057D537 /* PBXTargetDependency */,
			);
			name = EmployeeServicesTests;
			productName = EmployeeServicesTests;
			productReference = 18C16AF2251F4B1C0057D537 /* EmployeeServicesTests.xctest */;
			productType = "com.apple.product-type.bundle.unit-test";
		};
/* End PBXNativeTarget section */

/* Begin PBXProject section */
		18C16AD1251F4B150057D537 /* Project object */ = {
			isa = PBXProject;
			attributes = {
				LastSwiftUpdateCheck = 1130;
				LastUpgradeCheck = 1130;
				ORGANIZATIONNAME = "Rajesh Sammita";
				TargetAttributes = {
					18C16AD8251F4B150057D537 = {
						CreatedOnToolsVersion = 11.3.1;
					};
					18C16AF1251F4B1C0057D537 = {
						CreatedOnToolsVersion = 11.3.1;
						TestTargetID = 18C16AD8251F4B150057D537;
					};
				};
			};
			buildConfigurationList = 18C16AD4251F4B150057D537 /* Build configuration list for PBXProject "EmployeeServices" */;
			compatibilityVersion = "Xcode 9.3";
			developmentRegion = en;
			hasScannedForEncodings = 0;
			knownRegions = (
				en,
				Base,
			);
			mainGroup = 18C16AD0251F4B150057D537;
			productRefGroup = 18C16ADA251F4B150057D537 /* Products */;
			projectDirPath = "";
			projectRoot = "";
			targets = (
				18C16AD8251F4B150057D537 /* EmployeeServices */,
				18C16AF1251F4B1C0057D537 /* EmployeeServicesTests */,
			);
		};
/* End PBXProject section */

/* Begin PBXResourcesBuildPhase section */
		18C16AD7251F4B150057D537 /* Resources */ = {
			isa = PBXResourcesBuildPhase;
			buildActionMask = 2147483647;
			files = (
				18C16AEC251F4B1C0057D537 /* LaunchScreen.storyboard in Resources */,
				18C16AE9251F4B1C0057D537 /* Preview Assets.xcassets in Resources */,
				18C16AE6251F4B1C0057D537 /* Assets.xcassets in Resources */,
			);
			runOnlyForDeploymentPostprocessing = 0;
		};
		18C16AF0251F4B1C0057D537 /* Resources */ = {
			isa = PBXResourcesBuildPhase;
			buildActionMask = 2147483647;
			files = (
			);
			runOnlyForDeploymentPostprocessing = 0;
		};
/* End PBXResourcesBuildPhase section */

/* Begin PBXSourcesBuildPhase section */
		18C16AD5251F4B150057D537 /* Sources */ = {
			isa = PBXSourcesBuildPhase;
			buildActionMask = 2147483647;
			files = (
				18C16AE2251F4B150057D537 /* EmployeeServices.xcdatamodeld in Sources */,
				18C16B07251F4FCF0057D537 /* Employee.swift in Sources */,
				18C16ADD251F4B150057D537 /* AppDelegate.swift in Sources */,
				18C16B09251F52670057D537 /* DataManager.swift in Sources */,
				18C16B0D251F5E8A0057D537 /* PhotoListViewModel.swift in Sources */,
				18C16B0F251F66770057D537 /* PhotoRow.swift in Sources */,
				18C16AE4251F4B150057D537 /* PhotoListView.swift in Sources */,
				18C16ADF251F4B150057D537 /* SceneDelegate.swift in Sources */,
				18C16B05251F4E0A0057D537 /* Photo.swift in Sources */,
				18C16B0B251F53AB0057D537 /* MockDataManager.swift in Sources */,
			);
			runOnlyForDeploymentPostprocessing = 0;
		};
		18C16AEE251F4B1C0057D537 /* Sources */ = {
			isa = PBXSourcesBuildPhase;
			buildActionMask = 2147483647;
			files = (
				18C16AF7251F4B1C0057D537 /* EmployeeServicesTests.swift in Sources */,
			);
			runOnlyForDeploymentPostprocessing = 0;
		};
/* End PBXSourcesBuildPhase section */

/* Begin PBXTargetDependency section */
		18C16AF4251F4B1C0057D537 /* PBXTargetDependency */ = {
			isa = PBXTargetDependency;
			target = 18C16AD8251F4B150057D537 /* EmployeeServices */;
			targetProxy = 18C16AF3251F4B1C0057D537 /* PBXContainerItemProxy */;
		};
/* End PBXTargetDependency section */

/* Begin PBXVariantGroup section */
		18C16AEA251F4B1C0057D537 /* LaunchScreen.storyboard */ = {
			isa = PBXVariantGroup;
			children = (
				18C16AEB251F4B1C0057D537 /* Base */,
			);
			name = LaunchScreen.storyboard;
			sourceTree = "<group>";
		};
/* End PBXVariantGroup section */

/* Begin XCBuildConfiguration section */
		18C16AF9251F4B1C0057D537 /* Debug */ = {
			isa = XCBuildConfiguration;
			buildSettings = {
				ALWAYS_SEARCH_USER_PATHS = NO;
				CLANG_ANALYZER_NONNULL = YES;
				CLANG_ANALYZER_NUMBER_OBJECT_CONVERSION = YES_AGGRESSIVE;
				CLANG_CXX_LANGUAGE_STANDARD = "gnu++14";
				CLANG_CXX_LIBRARY = "libc++";
				CLANG_ENABLE_MODULES = YES;
				CLANG_ENABLE_OBJC_ARC = YES;
				CLANG_ENABLE_OBJC_WEAK = YES;
				CLANG_WARN_BLOCK_CAPTURE_AUTORELEASING = YES;
				CLANG_WARN_BOOL_CONVERSION = YES;
				CLANG_WARN_COMMA = YES;
				CLANG_WARN_CONSTANT_CONVERSION = YES;
				CLANG_WARN_DEPRECATED_OBJC_IMPLEMENTATIONS = YES;
				CLANG_WARN_DIRECT_OBJC_ISA_USAGE = YES_ERROR;
				CLANG_WARN_DOCUMENTATION_COMMENTS = YES;
				CLANG_WARN_EMPTY_BODY = YES;
				CLANG_WARN_ENUM_CONVERSION = YES;
				CLANG_WARN_INFINITE_RECURSION = YES;
				CLANG_WARN_INT_CONVERSION = YES;
				CLANG_WARN_NON_LITERAL_NULL_CONVERSION = YES;
				CLANG_WARN_OBJC_IMPLICIT_RETAIN_SELF = YES;
				CLANG_WARN_OBJC_LITERAL_CONVERSION = YES;
				CLANG_WARN_OBJC_ROOT_CLASS = YES_ERROR;
				CLANG_WARN_RANGE_LOOP_ANALYSIS = YES;
				CLANG_WARN_STRICT_PROTOTYPES = YES;
				CLANG_WARN_SUSPICIOUS_MOVE = YES;
				CLANG_WARN_UNGUARDED_AVAILABILITY = YES_AGGRESSIVE;
				CLANG_WARN_UNREACHABLE_CODE = YES;
				CLANG_WARN__DUPLICATE_METHOD_MATCH = YES;
				COPY_PHASE_STRIP = NO;
				DEBUG_INFORMATION_FORMAT = dwarf;
				ENABLE_STRICT_OBJC_MSGSEND = YES;
				ENABLE_TESTABILITY = YES;
				GCC_C_LANGUAGE_STANDARD = gnu11;
				GCC_DYNAMIC_NO_PIC = NO;
				GCC_NO_COMMON_BLOCKS = YES;
				GCC_OPTIMIZATION_LEVEL = 0;
				GCC_PREPROCESSOR_DEFINITIONS = (
					"DEBUG=1",
					"$(inherited)",
				);
				GCC_WARN_64_TO_32_BIT_CONVERSION = YES;
				GCC_WARN_ABOUT_RETURN_TYPE = YES_ERROR;
				GCC_WARN_UNDECLARED_SELECTOR = YES;
				GCC_WARN_UNINITIALIZED_AUTOS = YES_AGGRESSIVE;
				GCC_WARN_UNUSED_FUNCTION = YES;
				GCC_WARN_UNUSED_VARIABLE = YES;
				IPHONEOS_DEPLOYMENT_TARGET = 13.2;
				MTL_ENABLE_DEBUG_INFO = INCLUDE_SOURCE;
				MTL_FAST_MATH = YES;
				ONLY_ACTIVE_ARCH = YES;
				SDKROOT = iphoneos;
				SWIFT_ACTIVE_COMPILATION_CONDITIONS = DEBUG;
				SWIFT_OPTIMIZATION_LEVEL = "-Onone";
			};
			name = Debug;
		};
		18C16AFA251F4B1C0057D537 /* Release */ = {
			isa = XCBuildConfiguration;
			buildSettings = {
				ALWAYS_SEARCH_USER_PATHS = NO;
				CLANG_ANALYZER_NONNULL = YES;
				CLANG_ANALYZER_NUMBER_OBJECT_CONVERSION = YES_AGGRESSIVE;
				CLANG_CXX_LANGUAGE_STANDARD = "gnu++14";
				CLANG_CXX_LIBRARY = "libc++";
				CLANG_ENABLE_MODULES = YES;
				CLANG_ENABLE_OBJC_ARC = YES;
				CLANG_ENABLE_OBJC_WEAK = YES;
				CLANG_WARN_BLOCK_CAPTURE_AUTORELEASING = YES;
				CLANG_WARN_BOOL_CONVERSION = YES;
				CLANG_WARN_COMMA = YES;
				CLANG_WARN_CONSTANT_CONVERSION = YES;
				CLANG_WARN_DEPRECATED_OBJC_IMPLEMENTATIONS = YES;
				CLANG_WARN_DIRECT_OBJC_ISA_USAGE = YES_ERROR;
				CLANG_WARN_DOCUMENTATION_COMMENTS = YES;
				CLANG_WARN_EMPTY_BODY = YES;
				CLANG_WARN_ENUM_CONVERSION = YES;
				CLANG_WARN_INFINITE_RECURSION = YES;
				CLANG_WARN_INT_CONVERSION = YES;
				CLANG_WARN_NON_LITERAL_NULL_CONVERSION = YES;
				CLANG_WARN_OBJC_IMPLICIT_RETAIN_SELF = YES;
				CLANG_WARN_OBJC_LITERAL_CONVERSION = YES;
				CLANG_WARN_OBJC_ROOT_CLASS = YES_ERROR;
				CLANG_WARN_RANGE_LOOP_ANALYSIS = YES;
				CLANG_WARN_STRICT_PROTOTYPES = YES;
				CLANG_WARN_SUSPICIOUS_MOVE = YES;
				CLANG_WARN_UNGUARDED_AVAILABILITY = YES_AGGRESSIVE;
				CLANG_WARN_UNREACHABLE_CODE = YES;
				CLANG_WARN__DUPLICATE_METHOD_MATCH = YES;
				COPY_PHASE_STRIP = NO;
				DEBUG_INFORMATION_FORMAT = "dwarf-with-dsym";
				ENABLE_NS_ASSERTIONS = NO;
				ENABLE_STRICT_OBJC_MSGSEND = YES;
				GCC_C_LANGUAGE_STANDARD = gnu11;
				GCC_NO_COMMON_BLOCKS = YES;
				GCC_WARN_64_TO_32_BIT_CONVERSION = YES;
				GCC_WARN_ABOUT_RETURN_TYPE = YES_ERROR;
				GCC_WARN_UNDECLARED_SELECTOR = YES;
				GCC_WARN_UNINITIALIZED_AUTOS = YES_AGGRESSIVE;
				GCC_WARN_UNUSED_FUNCTION = YES;
				GCC_WARN_UNUSED_VARIABLE = YES;
				IPHONEOS_DEPLOYMENT_TARGET = 13.2;
				MTL_ENABLE_DEBUG_INFO = NO;
				MTL_FAST_MATH = YES;
				SDKROOT = iphoneos;
				SWIFT_COMPILATION_MODE = wholemodule;
				SWIFT_OPTIMIZATION_LEVEL = "-O";
				VALIDATE_PRODUCT = YES;
			};
			name = Release;
		};
		18C16AFC251F4B1C0057D537 /* Debug */ = {
			isa = XCBuildConfiguration;
			buildSettings = {
				ASSETCATALOG_COMPILER_APPICON_NAME = AppIcon;
				CODE_SIGN_STYLE = Automatic;
				DEVELOPMENT_ASSET_PATHS = "\"EmployeeServices/Preview Content\"";
				ENABLE_PREVIEWS = YES;
				INFOPLIST_FILE = EmployeeServices/Info.plist;
				LD_RUNPATH_SEARCH_PATHS = (
					"$(inherited)",
					"@executable_path/Frameworks",
				);
				PRODUCT_BUNDLE_IDENTIFIER = Rajesh.EmployeeServices;
				PRODUCT_NAME = "$(TARGET_NAME)";
				SWIFT_VERSION = 5.0;
				TARGETED_DEVICE_FAMILY = "1,2";
			};
			name = Debug;
		};
		18C16AFD251F4B1C0057D537 /* Release */ = {
			isa = XCBuildConfiguration;
			buildSettings = {
				ASSETCATALOG_COMPILER_APPICON_NAME = AppIcon;
				CODE_SIGN_STYLE = Automatic;
				DEVELOPMENT_ASSET_PATHS = "\"EmployeeServices/Preview Content\"";
				ENABLE_PREVIEWS = YES;
				INFOPLIST_FILE = EmployeeServices/Info.plist;
				LD_RUNPATH_SEARCH_PATHS = (
					"$(inherited)",
					"@executable_path/Frameworks",
				);
				PRODUCT_BUNDLE_IDENTIFIER = Rajesh.EmployeeServices;
				PRODUCT_NAME = "$(TARGET_NAME)";
				SWIFT_VERSION = 5.0;
				TARGETED_DEVICE_FAMILY = "1,2";
			};
			name = Release;
		};
		18C16AFF251F4B1C0057D537 /* Debug */ = {
			isa = XCBuildConfiguration;
			buildSettings = {
				ALWAYS_EMBED_SWIFT_STANDARD_LIBRARIES = YES;
				BUNDLE_LOADER = "$(TEST_HOST)";
				CODE_SIGN_STYLE = Automatic;
				INFOPLIST_FILE = EmployeeServicesTests/Info.plist;
				IPHONEOS_DEPLOYMENT_TARGET = 13.2;
				LD_RUNPATH_SEARCH_PATHS = (
					"$(inherited)",
					"@executable_path/Frameworks",
					"@loader_path/Frameworks",
				);
				PRODUCT_BUNDLE_IDENTIFIER = Rajesh.EmployeeServicesTests;
				PRODUCT_NAME = "$(TARGET_NAME)";
				SWIFT_VERSION = 5.0;
				TARGETED_DEVICE_FAMILY = "1,2";
				TEST_HOST = "$(BUILT_PRODUCTS_DIR)/EmployeeServices.app/EmployeeServices";
			};
			name = Debug;
		};
		18C16B00251F4B1C0057D537 /* Release */ = {
			isa = XCBuildConfiguration;
			buildSettings = {
				ALWAYS_EMBED_SWIFT_STANDARD_LIBRARIES = YES;
				BUNDLE_LOADER = "$(TEST_HOST)";
				CODE_SIGN_STYLE = Automatic;
				INFOPLIST_FILE = EmployeeServicesTests/Info.plist;
				IPHONEOS_DEPLOYMENT_TARGET = 13.2;
				LD_RUNPATH_SEARCH_PATHS = (
					"$(inherited)",
					"@executable_path/Frameworks",
					"@loader_path/Frameworks",
				);
				PRODUCT_BUNDLE_IDENTIFIER = Rajesh.EmployeeServicesTests;
				PRODUCT_NAME = "$(TARGET_NAME)";
				SWIFT_VERSION = 5.0;
				TARGETED_DEVICE_FAMILY = "1,2";
				TEST_HOST = "$(BUILT_PRODUCTS_DIR)/EmployeeServices.app/EmployeeServices";
			};
			name = Release;
		};
/* End XCBuildConfiguration section */

/* Begin XCConfigurationList section */
		18C16AD4251F4B150057D537 /* Build configuration list for PBXProject "EmployeeServices" */ = {
			isa = XCConfigurationList;
			buildConfigurations = (
				18C16AF9251F4B1C0057D537 /* Debug */,
				18C16AFA251F4B1C0057D537 /* Release */,
			);
			defaultConfigurationIsVisible = 0;
			defaultConfigurationName = Release;
		};
		18C16AFB251F4B1C0057D537 /* Build configuration list for PBXNativeTarget "EmployeeServices" */ = {
			isa = XCConfigurationList;
			buildConfigurations = (
				18C16AFC251F4B1C0057D537 /* Debug */,
				18C16AFD251F4B1C0057D537 /* Release */,
			);
			defaultConfigurationIsVisible = 0;
			defaultConfigurationName = Release;
		};
		18C16AFE251F4B1C0057D537 /* Build configuration list for PBXNativeTarget "EmployeeServicesTests" */ = {
			isa = XCConfigurationList;
			buildConfigurations = (
				18C16AFF251F4B1C0057D537 /* Debug */,
				18C16B00251F4B1C0057D537 /* Release */,
			);
			defaultConfigurationIsVisible = 0;
			defaultConfigurationName = Release;
		};
/* End XCConfigurationList section */

/* Begin XCVersionGroup section */
		18C16AE0251F4B150057D537 /* EmployeeServices.xcdatamodeld */ = {
			isa = XCVersionGroup;
			children = (
				18C16AE1251F4B150057D537 /* EmployeeServices.xcdatamodel */,
			);
			currentVersion = 18C16AE1251F4B150057D537 /* EmployeeServices.xcdatamodel */;
			path = EmployeeServices.xcdatamodeld;
			sourceTree = "<group>";
			versionGroupType = wrapper.xcdatamodel;
		};
/* End XCVersionGroup section */
	};
	rootObject = 18C16AD1251F4B150057D537 /* Project object */;
}
